
Microsoft Visual Studio Solution File, Format Version 12.00
# Visual Studio Version 16
VisualStudioVersion = 16.0.30413.136
MinimumVisualStudioVersion = 10.0.40219.1
Project("{FAE04EC0-301F-11D3-BF4B-00C04F79EFBC}") = "Gizmo", "src\Gizmo\Gizmo.csproj", "{A5F70DB4-C7D8-49B7-A55F-6E9EAD945B16}"
EndProject
Project("{FAE04EC0-301F-11D3-BF4B-00C04F79EFBC}") = "GizmoServer", "src\GizmoServer\GizmoServer.csproj", "{67CDD1E1-737B-4C7C-8B80-B540A1C2199F}"
EndProject
Project("{FAE04EC0-301F-11D3-BF4B-00C04F79EFBC}") = "Messages", "src\Messages\Messages.csproj", "{5852D1AA-96AE-4C18-80F0-7813E3D6B61E}"
EndProject
Global
	GlobalSection(SolutionConfigurationPlatforms) = preSolution
		Debug|Any CPU = Debug|Any CPU
		Release|Any CPU = Release|Any CPU
	EndGlobalSection
	GlobalSection(ProjectConfigurationPlatforms) = postSolution
		{A5F70DB4-C7D8-49B7-A55F-6E9EAD945B16}.Debug|Any CPU.ActiveCfg = Debug|Any CPU
		{A5F70DB4-C7D8-49B7-A55F-6E9EAD945B16}.Debug|Any CPU.Build.0 = Debug|Any CPU
		{A5F70DB4-C7D8-49B7-A55F-6E9EAD945B16}.Release|Any CPU.ActiveCfg = Release|Any CPU
		{A5F70DB4-C7D8-49B7-A55F-6E9EAD945B16}.Release|Any CPU.Build.0 = Release|Any CPU
		{67CDD1E1-737B-4C7C-8B80-B540A1C2199F}.Debug|Any CPU.ActiveCfg = Debug|Any CPU
		{67CDD1E1-737B-4C7C-8B80-B540A1C2199F}.Debug|Any CPU.Build.0 = Debug|Any CPU
		{67CDD1E1-737B-4C7C-8B80-B540A1C2199F}.Release|Any CPU.ActiveCfg = Release|Any CPU
		{67CDD1E1-737B-4C7C-8B80-B540A1C2199F}.Release|Any CPU.Build.0 = Release|Any CPU
		{5852D1AA-96AE-4C18-80F0-7813E3D6B61E}.Debug|Any CPU.ActiveCfg = Debug|Any CPU
		{5852D1AA-96AE-4C18-80F0-7813E3D6B61E}.Debug|Any CPU.Build.0 = Debug|Any CPU
		{5852D1AA-96AE-4C18-80F0-7813E3D6B61E}.Release|Any CPU.ActiveCfg = Release|Any CPU
		{5852D1AA-96AE-4C18-80F0-7813E3D6B61E}.Release|Any CPU.Build.0 = Release|Any CPU
	EndGlobalSection
	GlobalSection(SolutionProperties) = preSolution
		HideSolutionNode = FALSE
	EndGlobalSection
	GlobalSection(ExtensibilityGlobals) = postSolution
		SolutionGuid = {A6DE3068-B55D-4BE6-88D7-C5C55D022AE6}
	EndGlobalSection
EndGlobal
